{
  "version": 4,
  "terraform_version": "1.1.6",
  "serial": 13,
  "lineage": "09f009d8-500f-df1c-ec6b-25e467b117c8",
  "outputs": {
    "sql_server_id": {
      "value": "/subscriptions/4f00f82f-e26d-40f2-b618-e60dfd3a3828/resourceGroups/primer-rg/providers/Microsoft.DBforPostgreSQL/servers/offorsql",
      "type": "string"
    }
  },
  "resources": [
    {
      "mode": "managed",
      "type": "azurerm_postgresql_database",
      "name": "postdb",
      "provider": "provider[\"registry.terraform.io/hashicorp/azurerm\"]",
      "instances": [
        {
          "schema_version": 0,
          "attributes": {
            "charset": "UTF8",
            "collation": "English_United States.1252",
            "id": "/subscriptions/4f00f82f-e26d-40f2-b618-e60dfd3a3828/resourceGroups/primer-rg/providers/Microsoft.DBforPostgreSQL/servers/offorsql/databases/primerdb",
            "name": "primerdb",
            "resource_group_name": "primer-rg",
            "server_name": "offorsql",
            "timeouts": null
          },
          "sensitive_attributes": [],
          "private": "eyJlMmJmYjczMC1lY2FhLTExZTYtOGY4OC0zNDM2M2JjN2M0YzAiOnsiY3JlYXRlIjozNjAwMDAwMDAwMDAwLCJkZWxldGUiOjM2MDAwMDAwMDAwMDAsInJlYWQiOjMwMDAwMDAwMDAwMCwidXBkYXRlIjozNjAwMDAwMDAwMDAwfX0=",
          "dependencies": [
            "azurerm_postgresql_server.offorsqldb",
            "azurerm_resource_group.rg"
          ]
        }
      ]
    },
    {
      "mode": "managed",
      "type": "azurerm_postgresql_firewall_rule",
      "name": "primer_firewall",
      "provider": "provider[\"registry.terraform.io/hashicorp/azurerm\"]",
      "instances": [
        {
          "schema_version": 0,
          "attributes": {
            "end_ip_address": "24.155.196.56",
            "id": "/subscriptions/4f00f82f-e26d-40f2-b618-e60dfd3a3828/resourceGroups/primer-rg/providers/Microsoft.DBforPostgreSQL/servers/offorsql/firewallRules/primer_firewall",
            "name": "primer_firewall",
            "resource_group_name": "primer-rg",
            "server_name": "offorsql",
            "start_ip_address": "24.155.196.56",
            "timeouts": null
          },
          "sensitive_attributes": [],
          "private": "eyJlMmJmYjczMC1lY2FhLTExZTYtOGY4OC0zNDM2M2JjN2M0YzAiOnsiY3JlYXRlIjoxODAwMDAwMDAwMDAwLCJkZWxldGUiOjE4MDAwMDAwMDAwMDAsInJlYWQiOjMwMDAwMDAwMDAwMCwidXBkYXRlIjoxODAwMDAwMDAwMDAwfX0=",
          "dependencies": [
            "azurerm_postgresql_server.offorsqldb",
            "azurerm_resource_group.rg"
          ]
        }
      ]
    },
    {
      "mode": "managed",
      "type": "azurerm_postgresql_server",
      "name": "offorsqldb",
      "provider": "provider[\"registry.terraform.io/hashicorp/azurerm\"]",
      "instances": [
        {
          "schema_version": 0,
          "attributes": {
            "administrator_login": "primer",
            "administrator_login_password": "Dreams16american",
            "auto_grow_enabled": true,
            "backup_retention_days": 7,
            "create_mode": "Default",
            "creation_source_server_id": null,
            "fqdn": "offorsql.postgres.database.azure.com",
            "geo_redundant_backup_enabled": false,
            "id": "/subscriptions/4f00f82f-e26d-40f2-b618-e60dfd3a3828/resourceGroups/primer-rg/providers/Microsoft.DBforPostgreSQL/servers/offorsql",
            "identity": [],
            "infrastructure_encryption_enabled": false,
            "location": "centralus",
            "name": "offorsql",
            "public_network_access_enabled": true,
            "resource_group_name": "primer-rg",
            "restore_point_in_time": null,
            "sku_name": "B_Gen5_2",
            "ssl_enforcement_enabled": true,
            "ssl_minimal_tls_version_enforced": "TLS1_2",
            "storage_mb": 5120,
            "tags": {},
            "threat_detection_policy": [],
            "timeouts": null,
            "version": "11"
          },
          "sensitive_attributes": [],
          "private": "eyJlMmJmYjczMC1lY2FhLTExZTYtOGY4OC0zNDM2M2JjN2M0YzAiOnsiY3JlYXRlIjozNjAwMDAwMDAwMDAwLCJkZWxldGUiOjM2MDAwMDAwMDAwMDAsInJlYWQiOjMwMDAwMDAwMDAwMCwidXBkYXRlIjozNjAwMDAwMDAwMDAwfX0=",
          "dependencies": [
            "azurerm_resource_group.rg"
          ]
        }
      ]
    },
    {
      "mode": "managed",
      "type": "azurerm_resource_group",
      "name": "rg",
      "provider": "provider[\"registry.terraform.io/hashicorp/azurerm\"]",
      "instances": [
        {
          "schema_version": 0,
          "attributes": {
            "id": "/subscriptions/4f00f82f-e26d-40f2-b618-e60dfd3a3828/resourceGroups/primer-rg",
            "location": "centralus",
            "name": "primer-rg",
            "tags": {},
            "timeouts": null
          },
          "sensitive_attributes": [],
          "private": "eyJlMmJmYjczMC1lY2FhLTExZTYtOGY4OC0zNDM2M2JjN2M0YzAiOnsiY3JlYXRlIjo1NDAwMDAwMDAwMDAwLCJkZWxldGUiOjU0MDAwMDAwMDAwMDAsInJlYWQiOjMwMDAwMDAwMDAwMCwidXBkYXRlIjo1NDAwMDAwMDAwMDAwfX0="
        }
      ]
    }
  ]
}
